
Microsoft Visual Studio Solution File, Format Version 12.00
# Visual Studio Version 16
VisualStudioVersion = 16.0.29609.76
MinimumVisualStudioVersion = 10.0.40219.1
Project("{8BC9CEB8-8B4A-11D0-8D11-00A0C91BC942}") = "Main", "Main\Main.vcxproj", "{24E68D50-066B-44EB-97CD-E84C18190A55}"
EndProject
Global
	GlobalSection(SolutionConfigurationPlatforms) = preSolution
		Debug|x64 = Debug|x64
		Debug|x86 = Debug|x86
		Release|x64 = Release|x64
		Release|x86 = Release|x86
	EndGlobalSection
	GlobalSection(ProjectConfigurationPlatforms) = postSolution
		{24E68D50-066B-44EB-97CD-E84C18190A55}.Debug|x64.ActiveCfg = Debug|x64
		{24E68D50-066B-44EB-97CD-E84C18190A55}.Debug|x64.Build.0 = Debug|x64
		{24E68D50-066B-44EB-97CD-E84C18190A55}.Debug|x86.ActiveCfg = Debug|Win32
		{24E68D50-066B-44EB-97CD-E84C18190A55}.Debug|x86.Build.0 = Debug|Win32
		{24E68D50-066B-44EB-97CD-E84C18190A55}.Release|x64.ActiveCfg = Release|x64
		{24E68D50-066B-44EB-97CD-E84C18190A55}.Release|x64.Build.0 = Release|x64
		{24E68D50-066B-44EB-97CD-E84C18190A55}.Release|x86.ActiveCfg = Release|Win32
		{24E68D50-066B-44EB-97CD-E84C18190A55}.Release|x86.Build.0 = Release|Win32
	EndGlobalSection
	GlobalSection(SolutionProperties) = preSolution
		HideSolutionNode = FALSE
	EndGlobalSection
	GlobalSection(ExtensibilityGlobals) = postSolution
		SolutionGuid = {FD1F8456-EFDA-4F56-862A-ABBC43B0C568}
	EndGlobalSection
EndGlobal
